
Microsoft Visual Studio Solution File, Format Version 11.00
# Visual Studio 2010
Project("{FAE04EC0-301F-11D3-BF4B-00C04F79EFBC}") = "Assembly-CSharp", "Assembly-CSharp.csproj", "{7206e224-3daa-ad27-82b6-b6916dec3bfb}"
EndProject
Project("{FAE04EC0-301F-11D3-BF4B-00C04F79EFBC}") = "Assembly-CSharp-Editor", "Assembly-CSharp-Editor.csproj", "{5fb7b1c7-df51-a9ca-e89e-d05b22c7b5f9}"
EndProject
Global
	GlobalSection(SolutionConfigurationPlatforms) = preSolution
		Debug|Any CPU = Debug|Any CPU
	EndGlobalSection
	GlobalSection(ProjectConfigurationPlatforms) = postSolution
		{7206e224-3daa-ad27-82b6-b6916dec3bfb}.Debug|Any CPU.ActiveCfg = Debug|Any CPU
		{7206e224-3daa-ad27-82b6-b6916dec3bfb}.Debug|Any CPU.Build.0 = Debug|Any CPU
		{5fb7b1c7-df51-a9ca-e89e-d05b22c7b5f9}.Debug|Any CPU.ActiveCfg = Debug|Any CPU
		{5fb7b1c7-df51-a9ca-e89e-d05b22c7b5f9}.Debug|Any CPU.Build.0 = Debug|Any CPU
	EndGlobalSection
	GlobalSection(SolutionProperties) = preSolution
		HideSolutionNode = FALSE
	EndGlobalSection
EndGlobal
